
Microsoft Visual Studio Solution File, Format Version 12.00
# Visual Studio Version 16
VisualStudioVersion = 16.0.33130.400
MinimumVisualStudioVersion = 10.0.40219.1
Project("{FAE04EC0-301F-11D3-BF4B-00C04F79EFBC}") = "EnhancedPlorts", "EnhancedPlorts.csproj", "{A9F2A730-14F1-46ED-A0A5-CC06886A8563}"
EndProject
Global
	GlobalSection(SolutionConfigurationPlatforms) = preSolution
		Debug|Any CPU = Debug|Any CPU
		Release|Any CPU = Release|Any CPU
	EndGlobalSection
	GlobalSection(ProjectConfigurationPlatforms) = postSolution
		{A9F2A730-14F1-46ED-A0A5-CC06886A8563}.Debug|Any CPU.ActiveCfg = Debug|Any CPU
		{A9F2A730-14F1-46ED-A0A5-CC06886A8563}.Debug|Any CPU.Build.0 = Debug|Any CPU
		{A9F2A730-14F1-46ED-A0A5-CC06886A8563}.Release|Any CPU.ActiveCfg = Release|Any CPU
		{A9F2A730-14F1-46ED-A0A5-CC06886A8563}.Release|Any CPU.Build.0 = Release|Any CPU
	EndGlobalSection
	GlobalSection(SolutionProperties) = preSolution
		HideSolutionNode = FALSE
	EndGlobalSection
	GlobalSection(ExtensibilityGlobals) = postSolution
		SolutionGuid = {6BFA66CC-E431-4D1E-A260-9C3B7E195EE1}
	EndGlobalSection
EndGlobal
